
Microsoft Visual Studio Solution File, Format Version 12.00
# Visual Studio Version 16
VisualStudioVersion = 16.0.31729.503
MinimumVisualStudioVersion = 10.0.40219.1
Project("{FAE04EC0-301F-11D3-BF4B-00C04F79EFBC}") = "app pdf", "app pdf\app pdf.csproj", "{B0EB362F-26D8-48C4-A7BA-1DCB090B464B}"
EndProject
Global
	GlobalSection(SolutionConfigurationPlatforms) = preSolution
		Debug|Any CPU = Debug|Any CPU
		Release|Any CPU = Release|Any CPU
	EndGlobalSection
	GlobalSection(ProjectConfigurationPlatforms) = postSolution
		{B0EB362F-26D8-48C4-A7BA-1DCB090B464B}.Debug|Any CPU.ActiveCfg = Debug|Any CPU
		{B0EB362F-26D8-48C4-A7BA-1DCB090B464B}.Debug|Any CPU.Build.0 = Debug|Any CPU
		{B0EB362F-26D8-48C4-A7BA-1DCB090B464B}.Release|Any CPU.ActiveCfg = Release|Any CPU
		{B0EB362F-26D8-48C4-A7BA-1DCB090B464B}.Release|Any CPU.Build.0 = Release|Any CPU
	EndGlobalSection
	GlobalSection(SolutionProperties) = preSolution
		HideSolutionNode = FALSE
	EndGlobalSection
	GlobalSection(ExtensibilityGlobals) = postSolution
		SolutionGuid = {4D3682BB-5611-4D4D-A125-926CD8D52D27}
	EndGlobalSection
EndGlobal
